{
  "name": "proof-js",
  "lockfileVersion": 3,
  "requires": true,
  "packages": {
    "": {
      "name": "proof-js",
      "workspaces": [
        "packages/*"
      ],
      "devDependencies": {
        "@tsonic/dotnet": "10.0.41",
        "@tsonic/js": "10.0.49",
        "@tsonic/nodejs": "10.0.49",
        "tsonic": "0.0.76",
        "typescript": "^5.0.0"
      }
    },
    "node_modules/@tsonic/backend": {
      "version": "0.0.76",
      "resolved": "https://registry.npmjs.org/@tsonic/backend/-/backend-0.0.76.tgz",
      "integrity": "sha512-fBrvqrcEySUnnt/INd3lOBpRYMcxkb8cMubc8YB1WkF02Gmn+PUGef6CtT1uozGGYPas/bE9tmMV1kkTvnWjkQ==",
      "dev": true,
      "dependencies": {
        "@tsonic/emitter": "0.0.76",
        "@tsonic/frontend": "0.0.76"
      },
      "engines": {
        "node": ">=18.0.0"
      }
    },
    "node_modules/@tsonic/cli": {
      "version": "0.0.76",
      "resolved": "https://registry.npmjs.org/@tsonic/cli/-/cli-0.0.76.tgz",
      "integrity": "sha512-44vmJRQ7Aew+ro1PIua5u++YrDgiJa6beU9/UGMn+PKKJBtDa/Kop6lNL9eBMaRImZf5VrOzM87rOLkhWtNplw==",
      "dev": true,
      "dependencies": {
        "@tsonic/backend": "0.0.76",
        "@tsonic/emitter": "0.0.76",
        "@tsonic/frontend": "0.0.76",
        "@tsonic/tsbindgen": "0.7.52"
      },
      "bin": {
        "tsonic": "dist/index.js"
      },
      "engines": {
        "node": ">=18.0.0"
      }
    },
    "node_modules/@tsonic/core": {
      "version": "10.0.41",
      "resolved": "https://registry.npmjs.org/@tsonic/core/-/core-10.0.41.tgz",
      "integrity": "sha512-E/bohv9LLJ5jJPOmANlgGkV2CZfSBAq/uJRj6DcEw9QjYCMh42u274TEnIVKlVHia37bvRRhXWCoaP8Xhq5PXA==",
      "dev": true,
      "license": "MIT",
      "peerDependencies": {
        "@tsonic/dotnet": "10.0.41"
      }
    },
    "node_modules/@tsonic/dotnet": {
      "version": "10.0.41",
      "resolved": "https://registry.npmjs.org/@tsonic/dotnet/-/dotnet-10.0.41.tgz",
      "integrity": "sha512-aPlToIeAqoWlNXiuMimKQ7KavUWo+PVcU6vmX0b1omQlkSjdMSrBZb9jkQ5zsfkD2ev+Wh3D2KhRcX17FNDtOQ==",
      "dev": true,
      "license": "MIT",
      "peerDependencies": {
        "@tsonic/core": "10.0.41"
      }
    },
    "node_modules/@tsonic/emitter": {
      "version": "0.0.76",
      "resolved": "https://registry.npmjs.org/@tsonic/emitter/-/emitter-0.0.76.tgz",
      "integrity": "sha512-p/hFARsLuucomcQz7uMnN/TMU50lqmXFwWXfbnKknl9tBQUTuAVThwGgzQpCZez85dy8OVVqQ9lutmqquscXkg==",
      "dev": true,
      "dependencies": {
        "@tsonic/frontend": "0.0.76"
      },
      "engines": {
        "node": ">=18.0.0"
      }
    },
    "node_modules/@tsonic/frontend": {
      "version": "0.0.76",
      "resolved": "https://registry.npmjs.org/@tsonic/frontend/-/frontend-0.0.76.tgz",
      "integrity": "sha512-qbVIJBWrld9YDVr0r1R8AYSCDnBahBj2ZFK47ghbkoW+4V5T8pfDLGzTif+NOkW05mzNSqhGYCbx9SWcr0VJuA==",
      "dev": true,
      "dependencies": {
        "typescript": "5.9.2"
      },
      "engines": {
        "node": ">=18.0.0"
      }
    },
    "node_modules/@tsonic/frontend/node_modules/typescript": {
      "version": "5.9.2",
      "resolved": "https://registry.npmjs.org/typescript/-/typescript-5.9.2.tgz",
      "integrity": "sha512-CWBzXQrc/qOkhidw1OzBTQuYRbfyxDXJMVJ1XNwUHGROVmuaeiEm3OslpZ1RV96d7SKKjZKrSJu3+t/xlw3R9A==",
      "dev": true,
      "license": "Apache-2.0",
      "bin": {
        "tsc": "bin/tsc",
        "tsserver": "bin/tsserver"
      },
      "engines": {
        "node": ">=14.17"
      }
    },
    "node_modules/@tsonic/js": {
      "version": "10.0.49",
      "resolved": "https://registry.npmjs.org/@tsonic/js/-/js-10.0.49.tgz",
      "integrity": "sha512-1WfGn7XhiAX+21Ep07xJ6bGFknbtezERT/ALZnU1peBmOWE+XnysTXBEkEyFGtsdVGYgQgBAaXM3fukNxA2Upw==",
      "dev": true,
      "license": "MIT",
      "dependencies": {
        "@tsonic/core": "10.0.41",
        "@tsonic/dotnet": "10.0.41"
      }
    },
    "node_modules/@tsonic/nodejs": {
      "version": "10.0.49",
      "resolved": "https://registry.npmjs.org/@tsonic/nodejs/-/nodejs-10.0.49.tgz",
      "integrity": "sha512-o0IUkBZgDkgeAjgRfDr61IZh2X2peMbDRfU2gGxWdkoxLd4E7D6jG2YJeAhKmmFuxlVjKkYcYKlGnzhFwL2nDQ==",
      "dev": true,
      "license": "MIT",
      "peerDependencies": {
        "@tsonic/core": "10.0.41",
        "@tsonic/dotnet": "10.0.41",
        "@tsonic/js": "10.0.49"
      }
    },
    "node_modules/@tsonic/tsbindgen": {
      "version": "0.7.52",
      "resolved": "https://registry.npmjs.org/@tsonic/tsbindgen/-/tsbindgen-0.7.52.tgz",
      "integrity": "sha512-3qG48aNn2us6nJ5xVctgjP1xQ0auyqAln1rYMGCvFOWDwk/NwCxxIflZc6r1XAJ0U7mGi16kxJCBhU/bDXuHCg==",
      "dev": true,
      "license": "MIT",
      "bin": {
        "tsbindgen": "bin.js"
      }
    },
    "node_modules/js-calculator": {
      "resolved": "packages/calculator",
      "link": true
    },
    "node_modules/js-fibonacci": {
      "resolved": "packages/fibonacci",
      "link": true
    },
    "node_modules/js-hello-world": {
      "resolved": "packages/hello-world",
      "link": true
    },
    "node_modules/js-multithreading": {
      "resolved": "packages/multithreading",
      "link": true
    },
    "node_modules/js-notes-webapp": {
      "resolved": "packages/notes-webapp",
      "link": true
    },
    "node_modules/js-todolist-api": {
      "resolved": "packages/todolist-api",
      "link": true
    },
    "node_modules/tsonic": {
      "version": "0.0.76",
      "resolved": "https://registry.npmjs.org/tsonic/-/tsonic-0.0.76.tgz",
      "integrity": "sha512-Vp/KVoM4oRTyTfKe6Efsa+glrbXuUy/4TztAXVklBRXMo/y51b0dUHRGdGzv5RcePM49DwTkQQk2iLwN9PSD/g==",
      "dev": true,
      "license": "MIT",
      "dependencies": {
        "@tsonic/cli": "0.0.76"
      },
      "bin": {
        "tsonic": "bin.js"
      }
    },
    "node_modules/typescript": {
      "version": "5.9.3",
      "resolved": "https://registry.npmjs.org/typescript/-/typescript-5.9.3.tgz",
      "integrity": "sha512-jl1vZzPDinLr9eUt3J/t7V6FgNEw9QjvBPdysz9KfQDD41fQrC2Y4vKQdiaUpFT4bXlb1RHhLpp8wtm6M5TgSw==",
      "dev": true,
      "license": "Apache-2.0",
      "bin": {
        "tsc": "bin/tsc",
        "tsserver": "bin/tsserver"
      },
      "engines": {
        "node": ">=14.17"
      }
    },
    "packages/calculator": {
      "name": "js-calculator",
      "version": "1.0.0",
      "devDependencies": {
        "@tsonic/js": "10.0.49",
        "tsonic": "0.0.76",
        "typescript": "^5.0.0"
      }
    },
    "packages/fibonacci": {
      "name": "js-fibonacci",
      "version": "1.0.0",
      "devDependencies": {
        "@tsonic/js": "10.0.49",
        "tsonic": "0.0.76",
        "typescript": "^5.0.0"
      }
    },
    "packages/hello-world": {
      "name": "js-hello-world",
      "version": "1.0.0",
      "devDependencies": {
        "@tsonic/js": "10.0.49",
        "tsonic": "0.0.76",
        "typescript": "^5.0.0"
      }
    },
    "packages/multithreading": {
      "name": "js-multithreading",
      "version": "1.0.0",
      "devDependencies": {
        "@tsonic/js": "10.0.49",
        "tsonic": "0.0.76",
        "typescript": "^5.0.0"
      }
    },
    "packages/notes-webapp": {
      "name": "js-notes-webapp",
      "version": "1.0.0",
      "devDependencies": {
        "@tsonic/nodejs": "10.0.49",
        "tsonic": "0.0.76",
        "typescript": "^5.0.0"
      }
    },
    "packages/todolist-api": {
      "name": "js-todolist-api",
      "version": "1.0.0",
      "devDependencies": {
        "@tsonic/nodejs": "10.0.49",
        "tsonic": "0.0.76",
        "typescript": "^5.0.0"
      }
    }
  }
}
