{
  "name": "proof-aspnetcore",
  "lockfileVersion": 3,
  "requires": true,
  "packages": {
    "": {
      "name": "proof-aspnetcore",
      "workspaces": [
        "packages/*"
      ],
      "devDependencies": {
        "@tsonic/aspnetcore": "10.0.40",
        "@tsonic/core": "10.0.40",
        "@tsonic/efcore-sqlite": "10.0.39",
        "@tsonic/globals": "10.0.41",
        "tsonic": "0.0.74",
        "typescript": "^5.0.0"
      }
    },
    "../../aspnetcore": {
      "name": "@tsonic/aspnetcore",
      "version": "10.0.1",
      "extraneous": true,
      "license": "MIT",
      "peerDependencies": {
        "@tsonic/core": "^10.0.1",
        "@tsonic/dotnet": "^10.0.1",
        "@tsonic/microsoft-extensions": "^10.0.1"
      }
    },
    "../../efcore": {
      "name": "@tsonic/efcore",
      "version": "10.0.1",
      "extraneous": true,
      "license": "MIT",
      "peerDependencies": {
        "@tsonic/core": "^10.0.1",
        "@tsonic/dotnet": "^10.0.1",
        "@tsonic/microsoft-extensions": "^10.0.1"
      }
    },
    "../../efcore-sqlite": {
      "name": "@tsonic/efcore-sqlite",
      "version": "10.0.1",
      "extraneous": true,
      "license": "MIT",
      "peerDependencies": {
        "@tsonic/core": "^10.0.1",
        "@tsonic/dotnet": "^10.0.1",
        "@tsonic/efcore": "^10.0.1",
        "@tsonic/microsoft-extensions": "^10.0.1"
      }
    },
    "../../microsoft-extensions": {
      "name": "@tsonic/microsoft-extensions",
      "version": "10.0.1",
      "extraneous": true,
      "license": "MIT",
      "peerDependencies": {
        "@tsonic/core": "^10.0.1",
        "@tsonic/dotnet": "^10.0.1"
      }
    },
    "node_modules/@tsonic/aspnetcore": {
      "version": "10.0.40",
      "resolved": "https://registry.npmjs.org/@tsonic/aspnetcore/-/aspnetcore-10.0.40.tgz",
      "integrity": "sha512-NNKiCYC4W0qJfN8ih1ZNLf5d5uR6jj1+bWvTxvBSGnlOhZMTx/J4vmxPYxBIJb6DYa/djf+TxDvV9w7pBM/rRw==",
      "dev": true,
      "license": "MIT",
      "peerDependencies": {
        "@tsonic/core": "10.0.40",
        "@tsonic/dotnet": "10.0.40",
        "@tsonic/microsoft-extensions": "10.0.40"
      }
    },
    "node_modules/@tsonic/backend": {
      "version": "0.0.74",
      "resolved": "https://registry.npmjs.org/@tsonic/backend/-/backend-0.0.74.tgz",
      "integrity": "sha512-QNjripplf7Jspkt7Z8Tae/dFYWSSrJ/fUUdlP5CfJTyMzonlTMBZi5lPFXR/GuB/zVyxOXZph//2aL9wJEDUsg==",
      "dev": true,
      "dependencies": {
        "@tsonic/emitter": "0.0.74",
        "@tsonic/frontend": "0.0.74"
      },
      "engines": {
        "node": ">=18.0.0"
      }
    },
    "node_modules/@tsonic/cli": {
      "version": "0.0.74",
      "resolved": "https://registry.npmjs.org/@tsonic/cli/-/cli-0.0.74.tgz",
      "integrity": "sha512-/Qvd+wv/MQrtMCRzXZeCpvWUV6uM4dXqi5zXnCNN4xGCV5sadT9dveHjavOfYzEfDjlXnRVRivb+kvONllOcvw==",
      "dev": true,
      "dependencies": {
        "@tsonic/backend": "0.0.74",
        "@tsonic/emitter": "0.0.74",
        "@tsonic/frontend": "0.0.74",
        "@tsonic/tsbindgen": "0.7.51"
      },
      "bin": {
        "tsonic": "dist/index.js"
      },
      "engines": {
        "node": ">=18.0.0"
      }
    },
    "node_modules/@tsonic/core": {
      "version": "10.0.40",
      "resolved": "https://registry.npmjs.org/@tsonic/core/-/core-10.0.40.tgz",
      "integrity": "sha512-nE61iK56w+P7HTCTzRppoubEWMnDGQqRajg8mM+quD/qS4WkPS1agj3ehewOLvjgmZa045kFBdsAgs9CthrQgA==",
      "dev": true,
      "license": "MIT",
      "peerDependencies": {
        "@tsonic/dotnet": "10.0.40"
      }
    },
    "node_modules/@tsonic/dotnet": {
      "version": "10.0.40",
      "resolved": "https://registry.npmjs.org/@tsonic/dotnet/-/dotnet-10.0.40.tgz",
      "integrity": "sha512-yBUl6bWtxA9VHvqHFMYJV1FcT9dUl0oJfCD6m8sQj4U/159aazuUGu44h7r4u6wEkjTqGtsI9KMqzKJ6fVpO9Q==",
      "dev": true,
      "license": "MIT",
      "peerDependencies": {
        "@tsonic/core": "10.0.40"
      }
    },
    "node_modules/@tsonic/efcore": {
      "version": "10.0.39",
      "resolved": "https://registry.npmjs.org/@tsonic/efcore/-/efcore-10.0.39.tgz",
      "integrity": "sha512-OUvWgRg9NSImgItoTfaEtGVoVS+588Ty+1iQN8NnymJJG8Xtwb4Bybyzpriy0CQLGXbEAOgEvTXoaJ++8VxEww==",
      "dev": true,
      "license": "MIT",
      "peer": true,
      "peerDependencies": {
        "@tsonic/core": "10.0.40",
        "@tsonic/dotnet": "10.0.40",
        "@tsonic/microsoft-extensions": "10.0.40"
      }
    },
    "node_modules/@tsonic/efcore-sqlite": {
      "version": "10.0.39",
      "resolved": "https://registry.npmjs.org/@tsonic/efcore-sqlite/-/efcore-sqlite-10.0.39.tgz",
      "integrity": "sha512-2WQ6TiYajtjVcyoTsJ96RLFl/XIBonKoOKl0DdwsRumD7Kg01HxyqNSee0baZK4+GNxcpiO5KYQox6cQAiUzxg==",
      "dev": true,
      "license": "MIT",
      "peerDependencies": {
        "@tsonic/core": "10.0.40",
        "@tsonic/dotnet": "10.0.40",
        "@tsonic/efcore": "10.0.39",
        "@tsonic/microsoft-extensions": "10.0.40"
      }
    },
    "node_modules/@tsonic/emitter": {
      "version": "0.0.74",
      "resolved": "https://registry.npmjs.org/@tsonic/emitter/-/emitter-0.0.74.tgz",
      "integrity": "sha512-Mi3GyMHNSs5YwM+9+9G7e9NwsWYKNWtdB5nHFfC8GU/YqlzcoE4idgN8Pj6az9i0ISskyG/66gpybHfNZQRXPg==",
      "dev": true,
      "dependencies": {
        "@tsonic/frontend": "0.0.74"
      },
      "engines": {
        "node": ">=18.0.0"
      }
    },
    "node_modules/@tsonic/frontend": {
      "version": "0.0.74",
      "resolved": "https://registry.npmjs.org/@tsonic/frontend/-/frontend-0.0.74.tgz",
      "integrity": "sha512-aE8QBsXlu6ccXz+G0Yyy50tVIoLf+0wrNv+h15VYLZwDQN7glUvLZO9lAFmRwCzU/EAkuVJ2T4K44PBQETH4EA==",
      "dev": true,
      "dependencies": {
        "typescript": "5.9.2"
      },
      "engines": {
        "node": ">=18.0.0"
      }
    },
    "node_modules/@tsonic/frontend/node_modules/typescript": {
      "version": "5.9.2",
      "resolved": "https://registry.npmjs.org/typescript/-/typescript-5.9.2.tgz",
      "integrity": "sha512-CWBzXQrc/qOkhidw1OzBTQuYRbfyxDXJMVJ1XNwUHGROVmuaeiEm3OslpZ1RV96d7SKKjZKrSJu3+t/xlw3R9A==",
      "dev": true,
      "license": "Apache-2.0",
      "bin": {
        "tsc": "bin/tsc",
        "tsserver": "bin/tsserver"
      },
      "engines": {
        "node": ">=14.17"
      }
    },
    "node_modules/@tsonic/globals": {
      "version": "10.0.41",
      "resolved": "https://registry.npmjs.org/@tsonic/globals/-/globals-10.0.41.tgz",
      "integrity": "sha512-9kDPXljRFu3pJabtlozGlLce91eM0GxpK3TC2Oo96J0buIFjvDv29Gt3eivTcOMkGodvwJBqCrHlPIiYu2pKeQ==",
      "dev": true,
      "license": "MIT",
      "dependencies": {
        "@tsonic/core": "10.0.40",
        "@tsonic/dotnet": "10.0.40"
      }
    },
    "node_modules/@tsonic/microsoft-extensions": {
      "version": "10.0.40",
      "resolved": "https://registry.npmjs.org/@tsonic/microsoft-extensions/-/microsoft-extensions-10.0.40.tgz",
      "integrity": "sha512-4dXmqDG8NDs4sRzDl1htTKpARixQk/tptCh8ZnPUBDAbjb+2KEj2NeEguG+CnLvS02Vwg8dIxwAj7HNi8OZCnQ==",
      "dev": true,
      "license": "MIT",
      "peerDependencies": {
        "@tsonic/core": "10.0.40",
        "@tsonic/dotnet": "10.0.40"
      }
    },
    "node_modules/@tsonic/tsbindgen": {
      "version": "0.7.51",
      "resolved": "https://registry.npmjs.org/@tsonic/tsbindgen/-/tsbindgen-0.7.51.tgz",
      "integrity": "sha512-4+qO9q0+clO/AbrDwyqr3HztF0p0oGJB4doQJHh3DhgexKXlMbzAs7BqwLMnYXhHXgy9jmWfDR8WnN/XdF/oyg==",
      "dev": true,
      "license": "MIT",
      "bin": {
        "tsbindgen": "bin.js"
      }
    },
    "node_modules/aspnetcore-blog": {
      "resolved": "packages/blog",
      "link": true
    },
    "node_modules/aspnetcore-blog-ef": {
      "resolved": "packages/blog-ef",
      "link": true
    },
    "node_modules/tsonic": {
      "version": "0.0.74",
      "resolved": "https://registry.npmjs.org/tsonic/-/tsonic-0.0.74.tgz",
      "integrity": "sha512-+Bga2FDOXXE+PvdCpBSy7+5m+d1MWgux8aG3qI9N3rQwu89WIW0JnCp9z8pnjaw8ahTMaDlijU+jwWWHr7a07g==",
      "dev": true,
      "license": "MIT",
      "dependencies": {
        "@tsonic/cli": "0.0.74"
      },
      "bin": {
        "tsonic": "bin.js"
      }
    },
    "node_modules/typescript": {
      "version": "5.9.3",
      "resolved": "https://registry.npmjs.org/typescript/-/typescript-5.9.3.tgz",
      "integrity": "sha512-jl1vZzPDinLr9eUt3J/t7V6FgNEw9QjvBPdysz9KfQDD41fQrC2Y4vKQdiaUpFT4bXlb1RHhLpp8wtm6M5TgSw==",
      "dev": true,
      "license": "Apache-2.0",
      "bin": {
        "tsc": "bin/tsc",
        "tsserver": "bin/tsserver"
      },
      "engines": {
        "node": ">=14.17"
      }
    },
    "packages/blog": {
      "name": "aspnetcore-blog",
      "version": "1.0.0",
      "devDependencies": {
        "@tsonic/aspnetcore": "10.0.40",
        "@tsonic/core": "10.0.40",
        "@tsonic/dotnet": "10.0.40",
        "@tsonic/globals": "10.0.41",
        "@tsonic/microsoft-extensions": "10.0.40",
        "tsonic": "0.0.74",
        "typescript": "^5.0.0"
      }
    },
    "packages/blog-ef": {
      "name": "aspnetcore-blog-ef",
      "version": "1.0.0",
      "devDependencies": {
        "@tsonic/aspnetcore": "10.0.40",
        "@tsonic/core": "10.0.40",
        "@tsonic/dotnet": "10.0.40",
        "@tsonic/efcore": "10.0.40",
        "@tsonic/efcore-sqlite": "10.0.39",
        "@tsonic/globals": "10.0.41",
        "@tsonic/microsoft-extensions": "10.0.40",
        "tsonic": "0.0.74",
        "typescript": "^5.0.0"
      }
    },
    "packages/blog-ef/node_modules/@tsonic/efcore": {
      "version": "10.0.40",
      "resolved": "https://registry.npmjs.org/@tsonic/efcore/-/efcore-10.0.40.tgz",
      "integrity": "sha512-tFEmIvrxEM6IxQQPrVzrXwc0TgYyP9KbU6pbTsWJQ79QvANpdERjlsTTfoS+sRKk1KDzmaKWIQrskvnNVwGCEg==",
      "dev": true,
      "license": "MIT",
      "peerDependencies": {
        "@tsonic/core": "10.0.40",
        "@tsonic/dotnet": "10.0.40",
        "@tsonic/microsoft-extensions": "10.0.40"
      }
    }
  }
}
