{
  "name": "my-tsonic-app",
  "version": "1.0.0",
  "lockfileVersion": 3,
  "requires": true,
  "packages": {
    "": {
      "name": "my-tsonic-app",
      "version": "1.0.0",
      "devDependencies": {
        "@tsonic/js-globals": "^0.1.1",
        "@tsonic/tsonic": "^0.1.19",
        "@tsonic/types": "^0.2.0"
      }
    },
    "node_modules/@tsonic/js-globals": {
      "version": "0.1.1",
      "resolved": "https://registry.npmjs.org/@tsonic/js-globals/-/js-globals-0.1.1.tgz",
      "integrity": "sha512-ZHgo7r8sClPraygAeZV7t74gGnlXvgdkvHrfedUUyGfR5T7XEYVru6W3ovXdkQmsSo54MtjfBEekIgXAO1Fwpw==",
      "dev": true,
      "license": "MIT"
    },
    "node_modules/@tsonic/tsonic": {
      "version": "0.1.19",
      "resolved": "https://registry.npmjs.org/@tsonic/tsonic/-/tsonic-0.1.19.tgz",
      "integrity": "sha512-l5BT6d+f1em+OZ/h2Sw0yKIBYNCCRR7XKVSi8ogT36RyLTEhzR30k75LgJGbte83DFhh/JVzAAagWnZmjTBpMQ==",
      "dev": true,
      "license": "MIT",
      "dependencies": {
        "typescript": "5.9.2"
      },
      "bin": {
        "tsonic": "dist/cli.js"
      },
      "engines": {
        "node": ">=22.0.0"
      }
    },
    "node_modules/@tsonic/types": {
      "version": "0.2.0",
      "resolved": "https://registry.npmjs.org/@tsonic/types/-/types-0.2.0.tgz",
      "integrity": "sha512-g0gAEG+wz/bL3PS45uIIRKEtOHn4UsCaqiWe3o0QUeqptYQ2j9NJK5wb4YJtHNVWqUsw5xkF02jJXO5Srqn7NQ==",
      "dev": true,
      "license": "MIT"
    },
    "node_modules/typescript": {
      "version": "5.9.2",
      "resolved": "https://registry.npmjs.org/typescript/-/typescript-5.9.2.tgz",
      "integrity": "sha512-CWBzXQrc/qOkhidw1OzBTQuYRbfyxDXJMVJ1XNwUHGROVmuaeiEm3OslpZ1RV96d7SKKjZKrSJu3+t/xlw3R9A==",
      "dev": true,
      "license": "Apache-2.0",
      "bin": {
        "tsc": "bin/tsc",
        "tsserver": "bin/tsserver"
      },
      "engines": {
        "node": ">=14.17"
      }
    }
  }
}
