{
  "name": "nodejs-webserver",
  "version": "1.0.0",
  "lockfileVersion": 3,
  "requires": true,
  "packages": {
    "": {
      "name": "nodejs-webserver",
      "version": "1.0.0",
      "devDependencies": {
        "@tsonic/core": "*",
        "@tsonic/dotnet": "*",
        "@tsonic/globals": "*",
        "@tsonic/js-globals": "*",
        "@tsonic/nodejs": "*"
      }
    },
    "node_modules/@tsonic/core": {
      "version": "0.4.0",
      "resolved": "https://registry.npmjs.org/@tsonic/core/-/core-0.4.0.tgz",
      "integrity": "sha512-FwdJwQfcus2ERRaaFMpWtvWzAlX1C79uIt2jboFE9Tz/kQ36GSddI2Ld4OgUUUh4fqE94p+E+SsbnxDYu/WVXQ==",
      "dev": true,
      "license": "MIT"
    },
    "node_modules/@tsonic/dotnet": {
      "version": "0.8.3",
      "resolved": "https://registry.npmjs.org/@tsonic/dotnet/-/dotnet-0.8.3.tgz",
      "integrity": "sha512-w+JFP4phDqCb89Cgi88v5HZYGRMEFa9HGz6hV+zadXu2VZyMewovMcyxJ4X+HBRb2Fs5Z+GANUlcjnZJqJlPTg==",
      "dev": true,
      "license": "MIT",
      "peerDependencies": {
        "@tsonic/core": "*"
      }
    },
    "node_modules/@tsonic/globals": {
      "version": "0.3.5",
      "resolved": "https://registry.npmjs.org/@tsonic/globals/-/globals-0.3.5.tgz",
      "integrity": "sha512-hxD5d53lXprsBEB6CJXO0GGZwIuFXA4eEHRWSkOCVQS8l666xWhj84j/66Ok15huBMI+zhxQyp8hKLUx34b79Q==",
      "dev": true,
      "license": "MIT",
      "dependencies": {
        "@tsonic/dotnet": "^0.8.1"
      }
    },
    "node_modules/@tsonic/js-globals": {
      "version": "0.4.3",
      "resolved": "https://registry.npmjs.org/@tsonic/js-globals/-/js-globals-0.4.3.tgz",
      "integrity": "sha512-4GijcW1Oaa3qJyOum4oVB36Wkh1BaPZroreJlwH67nI0gYMqIGYY0ClxBlD/1bSwvz7fGjAU5THWY4Uid7+FWw==",
      "dev": true,
      "license": "MIT",
      "dependencies": {
        "@tsonic/core": "*"
      }
    },
    "node_modules/@tsonic/nodejs": {
      "version": "0.4.3",
      "resolved": "https://registry.npmjs.org/@tsonic/nodejs/-/nodejs-0.4.3.tgz",
      "integrity": "sha512-pAq13sPXYhiyuHxgzrGRnzaC+1I3hJJnTQQl3ybJy5dO1bmPECaegwqabZ0EE+tgzEzbw5H9b3GxoRwY466J4w==",
      "dev": true,
      "license": "MIT",
      "peerDependencies": {
        "@tsonic/core": "*",
        "@tsonic/dotnet": "*"
      }
    }
  }
}
