{
  "name": "proof-nodejs",
  "lockfileVersion": 3,
  "requires": true,
  "packages": {
    "": {
      "name": "proof-nodejs",
      "workspaces": [
        "packages/*"
      ],
      "devDependencies": {
        "@tsonic/dotnet": "10.0.40",
        "@tsonic/nodejs": "10.0.48",
        "tsonic": "0.0.74",
        "typescript": "^5.0.0"
      }
    },
    "node_modules/@tsonic/backend": {
      "version": "0.0.74",
      "resolved": "https://registry.npmjs.org/@tsonic/backend/-/backend-0.0.74.tgz",
      "integrity": "sha512-QNjripplf7Jspkt7Z8Tae/dFYWSSrJ/fUUdlP5CfJTyMzonlTMBZi5lPFXR/GuB/zVyxOXZph//2aL9wJEDUsg==",
      "dev": true,
      "dependencies": {
        "@tsonic/emitter": "0.0.74",
        "@tsonic/frontend": "0.0.74"
      },
      "engines": {
        "node": ">=18.0.0"
      }
    },
    "node_modules/@tsonic/cli": {
      "version": "0.0.74",
      "resolved": "https://registry.npmjs.org/@tsonic/cli/-/cli-0.0.74.tgz",
      "integrity": "sha512-/Qvd+wv/MQrtMCRzXZeCpvWUV6uM4dXqi5zXnCNN4xGCV5sadT9dveHjavOfYzEfDjlXnRVRivb+kvONllOcvw==",
      "dev": true,
      "dependencies": {
        "@tsonic/backend": "0.0.74",
        "@tsonic/emitter": "0.0.74",
        "@tsonic/frontend": "0.0.74",
        "@tsonic/tsbindgen": "0.7.51"
      },
      "bin": {
        "tsonic": "dist/index.js"
      },
      "engines": {
        "node": ">=18.0.0"
      }
    },
    "node_modules/@tsonic/core": {
      "version": "10.0.40",
      "resolved": "https://registry.npmjs.org/@tsonic/core/-/core-10.0.40.tgz",
      "integrity": "sha512-nE61iK56w+P7HTCTzRppoubEWMnDGQqRajg8mM+quD/qS4WkPS1agj3ehewOLvjgmZa045kFBdsAgs9CthrQgA==",
      "dev": true,
      "license": "MIT",
      "peerDependencies": {
        "@tsonic/dotnet": "10.0.40"
      }
    },
    "node_modules/@tsonic/dotnet": {
      "version": "10.0.40",
      "resolved": "https://registry.npmjs.org/@tsonic/dotnet/-/dotnet-10.0.40.tgz",
      "integrity": "sha512-yBUl6bWtxA9VHvqHFMYJV1FcT9dUl0oJfCD6m8sQj4U/159aazuUGu44h7r4u6wEkjTqGtsI9KMqzKJ6fVpO9Q==",
      "dev": true,
      "license": "MIT",
      "peerDependencies": {
        "@tsonic/core": "10.0.40"
      }
    },
    "node_modules/@tsonic/emitter": {
      "version": "0.0.74",
      "resolved": "https://registry.npmjs.org/@tsonic/emitter/-/emitter-0.0.74.tgz",
      "integrity": "sha512-Mi3GyMHNSs5YwM+9+9G7e9NwsWYKNWtdB5nHFfC8GU/YqlzcoE4idgN8Pj6az9i0ISskyG/66gpybHfNZQRXPg==",
      "dev": true,
      "dependencies": {
        "@tsonic/frontend": "0.0.74"
      },
      "engines": {
        "node": ">=18.0.0"
      }
    },
    "node_modules/@tsonic/frontend": {
      "version": "0.0.74",
      "resolved": "https://registry.npmjs.org/@tsonic/frontend/-/frontend-0.0.74.tgz",
      "integrity": "sha512-aE8QBsXlu6ccXz+G0Yyy50tVIoLf+0wrNv+h15VYLZwDQN7glUvLZO9lAFmRwCzU/EAkuVJ2T4K44PBQETH4EA==",
      "dev": true,
      "dependencies": {
        "typescript": "5.9.2"
      },
      "engines": {
        "node": ">=18.0.0"
      }
    },
    "node_modules/@tsonic/frontend/node_modules/typescript": {
      "version": "5.9.2",
      "resolved": "https://registry.npmjs.org/typescript/-/typescript-5.9.2.tgz",
      "integrity": "sha512-CWBzXQrc/qOkhidw1OzBTQuYRbfyxDXJMVJ1XNwUHGROVmuaeiEm3OslpZ1RV96d7SKKjZKrSJu3+t/xlw3R9A==",
      "dev": true,
      "license": "Apache-2.0",
      "bin": {
        "tsc": "bin/tsc",
        "tsserver": "bin/tsserver"
      },
      "engines": {
        "node": ">=14.17"
      }
    },
    "node_modules/@tsonic/js": {
      "version": "10.0.48",
      "resolved": "https://registry.npmjs.org/@tsonic/js/-/js-10.0.48.tgz",
      "integrity": "sha512-KaNwrHY3e9A5GBa/a9E3RIW7Rv8Hu7E7hkm2bCV2vvmnHTdfKqRo0+uqdziXZBXJH1BIIG1oXL6xVDfdpu+TqA==",
      "dev": true,
      "license": "MIT",
      "dependencies": {
        "@tsonic/core": "10.0.40",
        "@tsonic/dotnet": "10.0.40"
      }
    },
    "node_modules/@tsonic/nodejs": {
      "version": "10.0.48",
      "resolved": "https://registry.npmjs.org/@tsonic/nodejs/-/nodejs-10.0.48.tgz",
      "integrity": "sha512-a2oxUORI1qOKjwGInDDE0cuRFOD7qA23BDKZR7ODJBoCysFE9EeXlCqoyoLzr+2tMG7EwgpSzV+h7fczXZc7vQ==",
      "dev": true,
      "license": "MIT",
      "dependencies": {
        "@tsonic/core": "10.0.40",
        "@tsonic/dotnet": "10.0.40",
        "@tsonic/js": "10.0.48"
      }
    },
    "node_modules/@tsonic/tsbindgen": {
      "version": "0.7.51",
      "resolved": "https://registry.npmjs.org/@tsonic/tsbindgen/-/tsbindgen-0.7.51.tgz",
      "integrity": "sha512-4+qO9q0+clO/AbrDwyqr3HztF0p0oGJB4doQJHh3DhgexKXlMbzAs7BqwLMnYXhHXgy9jmWfDR8WnN/XdF/oyg==",
      "dev": true,
      "license": "MIT",
      "bin": {
        "tsbindgen": "bin.js"
      }
    },
    "node_modules/nodejs-env-info": {
      "resolved": "packages/env-info",
      "link": true
    },
    "node_modules/nodejs-file-reader": {
      "resolved": "packages/file-reader",
      "link": true
    },
    "node_modules/nodejs-multithreading": {
      "resolved": "packages/multithreading",
      "link": true
    },
    "node_modules/nodejs-webserver": {
      "resolved": "packages/webserver",
      "link": true
    },
    "node_modules/tsonic": {
      "version": "0.0.74",
      "resolved": "https://registry.npmjs.org/tsonic/-/tsonic-0.0.74.tgz",
      "integrity": "sha512-+Bga2FDOXXE+PvdCpBSy7+5m+d1MWgux8aG3qI9N3rQwu89WIW0JnCp9z8pnjaw8ahTMaDlijU+jwWWHr7a07g==",
      "dev": true,
      "license": "MIT",
      "dependencies": {
        "@tsonic/cli": "0.0.74"
      },
      "bin": {
        "tsonic": "bin.js"
      }
    },
    "node_modules/typescript": {
      "version": "5.9.3",
      "resolved": "https://registry.npmjs.org/typescript/-/typescript-5.9.3.tgz",
      "integrity": "sha512-jl1vZzPDinLr9eUt3J/t7V6FgNEw9QjvBPdysz9KfQDD41fQrC2Y4vKQdiaUpFT4bXlb1RHhLpp8wtm6M5TgSw==",
      "dev": true,
      "license": "Apache-2.0",
      "bin": {
        "tsc": "bin/tsc",
        "tsserver": "bin/tsserver"
      },
      "engines": {
        "node": ">=14.17"
      }
    },
    "packages/env-info": {
      "name": "nodejs-env-info",
      "version": "1.0.0",
      "devDependencies": {
        "@tsonic/nodejs": "10.0.48",
        "tsonic": "0.0.74",
        "typescript": "^5.0.0"
      }
    },
    "packages/file-reader": {
      "name": "nodejs-file-reader",
      "version": "1.0.0",
      "devDependencies": {
        "@tsonic/nodejs": "10.0.48",
        "tsonic": "0.0.74",
        "typescript": "^5.0.0"
      }
    },
    "packages/multithreading": {
      "name": "nodejs-multithreading",
      "version": "1.0.0",
      "devDependencies": {
        "@tsonic/nodejs": "10.0.48",
        "tsonic": "0.0.74",
        "typescript": "^5.0.0"
      }
    },
    "packages/webserver": {
      "name": "nodejs-webserver",
      "version": "1.0.0",
      "devDependencies": {
        "@tsonic/nodejs": "10.0.48",
        "tsonic": "0.0.74",
        "typescript": "^5.0.0"
      }
    }
  }
}
