{
  "name": "proof-nodejs",
  "lockfileVersion": 3,
  "requires": true,
  "packages": {
    "": {
      "name": "proof-nodejs",
      "workspaces": [
        "packages/*"
      ],
      "devDependencies": {
        "@tsonic/core": "10.0.37",
        "@tsonic/js": "10.0.40",
        "@tsonic/nodejs": "10.0.40",
        "tsonic": "0.0.66",
        "typescript": "^5.0.0"
      }
    },
    "node_modules/@tsonic/backend": {
      "version": "0.0.66",
      "resolved": "https://registry.npmjs.org/@tsonic/backend/-/backend-0.0.66.tgz",
      "integrity": "sha512-vYME1qo/WzB9xdHeG6HHs6sYdU7SNNnhMu8/ddbwDHlfabvcTCO0eZga73ZzncTyYiaCg/IUcel+IEvFJvlZPQ==",
      "dev": true,
      "dependencies": {
        "@tsonic/emitter": "0.0.65",
        "@tsonic/frontend": "0.0.65"
      },
      "engines": {
        "node": ">=18.0.0"
      }
    },
    "node_modules/@tsonic/backend/node_modules/@tsonic/emitter": {
      "version": "0.0.65",
      "resolved": "https://registry.npmjs.org/@tsonic/emitter/-/emitter-0.0.65.tgz",
      "integrity": "sha512-6jv4bosKBVNN2+NceCcWM16WUjc2U7KBAgwlEQ8gEj5wvetr1eklqs7xsXM+TqitpTVO6NfVIgGSArlcOGp5HA==",
      "dev": true,
      "dependencies": {
        "@tsonic/frontend": "0.0.65"
      },
      "engines": {
        "node": ">=18.0.0"
      }
    },
    "node_modules/@tsonic/backend/node_modules/@tsonic/frontend": {
      "version": "0.0.65",
      "resolved": "https://registry.npmjs.org/@tsonic/frontend/-/frontend-0.0.65.tgz",
      "integrity": "sha512-bY08U7xAb19wErcY+gEWiz5wqZZQEnwINRkqZG65CChktN+SVPbG8Bh/JgKtZiPdV8xZYm/PHGAvCfhGDEgxHw==",
      "dev": true,
      "dependencies": {
        "typescript": "5.9.2"
      },
      "engines": {
        "node": ">=18.0.0"
      }
    },
    "node_modules/@tsonic/backend/node_modules/typescript": {
      "version": "5.9.2",
      "resolved": "https://registry.npmjs.org/typescript/-/typescript-5.9.2.tgz",
      "integrity": "sha512-CWBzXQrc/qOkhidw1OzBTQuYRbfyxDXJMVJ1XNwUHGROVmuaeiEm3OslpZ1RV96d7SKKjZKrSJu3+t/xlw3R9A==",
      "dev": true,
      "license": "Apache-2.0",
      "bin": {
        "tsc": "bin/tsc",
        "tsserver": "bin/tsserver"
      },
      "engines": {
        "node": ">=14.17"
      }
    },
    "node_modules/@tsonic/cli": {
      "version": "0.0.66",
      "resolved": "https://registry.npmjs.org/@tsonic/cli/-/cli-0.0.66.tgz",
      "integrity": "sha512-dM0W5QhT9ZVysRGz2O90aKxH5SFvTuEiqnRrQXODODoR5Ou5B8l56fuAWB0NlcvCDuY7X3wTeeA3xNkSEVbwBQ==",
      "dev": true,
      "dependencies": {
        "@tsonic/backend": "0.0.66",
        "@tsonic/emitter": "0.0.66",
        "@tsonic/frontend": "0.0.66",
        "@tsonic/tsbindgen": "0.7.47"
      },
      "bin": {
        "tsonic": "dist/index.js"
      },
      "engines": {
        "node": ">=18.0.0"
      }
    },
    "node_modules/@tsonic/core": {
      "version": "10.0.37",
      "resolved": "https://registry.npmjs.org/@tsonic/core/-/core-10.0.37.tgz",
      "integrity": "sha512-l8LWhYwNKi/j0YiwHZg3Pc49qr1e+EWCVZy4Yn+7CP6yRh+ARGXHornAuT/4dLa/wg3d0RSt1ewlucHUVDY4XQ==",
      "dev": true,
      "license": "MIT",
      "peerDependencies": {
        "@tsonic/dotnet": "10.0.35"
      }
    },
    "node_modules/@tsonic/dotnet": {
      "version": "10.0.37",
      "resolved": "https://registry.npmjs.org/@tsonic/dotnet/-/dotnet-10.0.37.tgz",
      "integrity": "sha512-80JA7VNe8ZnAuDAsEdmdGlyl11Z04/TXCqwYBKIf8A0/LC3eAo6Kz3VfCKJsBk3qlAdlTzVxbenceoC1GZbZKQ==",
      "dev": true,
      "license": "MIT",
      "peerDependencies": {
        "@tsonic/core": "10.0.35"
      }
    },
    "node_modules/@tsonic/emitter": {
      "version": "0.0.66",
      "resolved": "https://registry.npmjs.org/@tsonic/emitter/-/emitter-0.0.66.tgz",
      "integrity": "sha512-sHEE6KPc9nwexCy6mMWglWKwvAC3QIQrtye+pSiTgNBJKijhcQbM5LTHyXneuTtgcCJeGkk+fg+bxGPP7nSOQw==",
      "dev": true,
      "dependencies": {
        "@tsonic/frontend": "0.0.65"
      },
      "engines": {
        "node": ">=18.0.0"
      }
    },
    "node_modules/@tsonic/emitter/node_modules/@tsonic/frontend": {
      "version": "0.0.65",
      "resolved": "https://registry.npmjs.org/@tsonic/frontend/-/frontend-0.0.65.tgz",
      "integrity": "sha512-bY08U7xAb19wErcY+gEWiz5wqZZQEnwINRkqZG65CChktN+SVPbG8Bh/JgKtZiPdV8xZYm/PHGAvCfhGDEgxHw==",
      "dev": true,
      "dependencies": {
        "typescript": "5.9.2"
      },
      "engines": {
        "node": ">=18.0.0"
      }
    },
    "node_modules/@tsonic/emitter/node_modules/typescript": {
      "version": "5.9.2",
      "resolved": "https://registry.npmjs.org/typescript/-/typescript-5.9.2.tgz",
      "integrity": "sha512-CWBzXQrc/qOkhidw1OzBTQuYRbfyxDXJMVJ1XNwUHGROVmuaeiEm3OslpZ1RV96d7SKKjZKrSJu3+t/xlw3R9A==",
      "dev": true,
      "license": "Apache-2.0",
      "bin": {
        "tsc": "bin/tsc",
        "tsserver": "bin/tsserver"
      },
      "engines": {
        "node": ">=14.17"
      }
    },
    "node_modules/@tsonic/frontend": {
      "version": "0.0.66",
      "resolved": "https://registry.npmjs.org/@tsonic/frontend/-/frontend-0.0.66.tgz",
      "integrity": "sha512-FaPviTHO9YSi3xRVztTAwbvPO9BZudRoUrjn+dt4IXr7EpxestutHCm8VDYHTT2ubCTEFZVgqIWvNl9fGL4LUw==",
      "dev": true,
      "dependencies": {
        "typescript": "5.9.2"
      },
      "engines": {
        "node": ">=18.0.0"
      }
    },
    "node_modules/@tsonic/frontend/node_modules/typescript": {
      "version": "5.9.2",
      "resolved": "https://registry.npmjs.org/typescript/-/typescript-5.9.2.tgz",
      "integrity": "sha512-CWBzXQrc/qOkhidw1OzBTQuYRbfyxDXJMVJ1XNwUHGROVmuaeiEm3OslpZ1RV96d7SKKjZKrSJu3+t/xlw3R9A==",
      "dev": true,
      "license": "Apache-2.0",
      "bin": {
        "tsc": "bin/tsc",
        "tsserver": "bin/tsserver"
      },
      "engines": {
        "node": ">=14.17"
      }
    },
    "node_modules/@tsonic/js": {
      "version": "10.0.40",
      "resolved": "https://registry.npmjs.org/@tsonic/js/-/js-10.0.40.tgz",
      "integrity": "sha512-eegXg7yr7wqj7xsvDm2zVM/N+246CHQzR0aMGpQw5oiWrSWptwiqRm8SP0TTFXXc7looJr47LctJui6HJzUs1A==",
      "dev": true,
      "license": "MIT",
      "dependencies": {
        "@tsonic/core": "10.0.37",
        "@tsonic/dotnet": "10.0.37"
      }
    },
    "node_modules/@tsonic/nodejs": {
      "version": "10.0.40",
      "resolved": "https://registry.npmjs.org/@tsonic/nodejs/-/nodejs-10.0.40.tgz",
      "integrity": "sha512-C+EynFueCyzkXAdMSs6EJnjD7EmuSK2obIURPwTxzjHb2j+Lf/a3TJQkjiHAVopl8JqR8DiEiSrycN7f8Mc2Ow==",
      "dev": true,
      "license": "MIT",
      "dependencies": {
        "@tsonic/core": "10.0.37",
        "@tsonic/dotnet": "10.0.37",
        "@tsonic/js": "10.0.40"
      }
    },
    "node_modules/@tsonic/tsbindgen": {
      "version": "0.7.47",
      "resolved": "https://registry.npmjs.org/@tsonic/tsbindgen/-/tsbindgen-0.7.47.tgz",
      "integrity": "sha512-+PO0GMq0SQ0crEcgS2SbPu8PblaK4xAldJxDkUiAMSjGY1QfXRpWkjxTtFwBaqbEIV1FcGicvJRFe7n0YxGS+Q==",
      "dev": true,
      "license": "MIT",
      "bin": {
        "tsbindgen": "bin.js"
      }
    },
    "node_modules/nodejs-env-info": {
      "resolved": "packages/env-info",
      "link": true
    },
    "node_modules/nodejs-file-reader": {
      "resolved": "packages/file-reader",
      "link": true
    },
    "node_modules/nodejs-multithreading": {
      "resolved": "packages/multithreading",
      "link": true
    },
    "node_modules/nodejs-webserver": {
      "resolved": "packages/webserver",
      "link": true
    },
    "node_modules/tsonic": {
      "version": "0.0.66",
      "resolved": "https://registry.npmjs.org/tsonic/-/tsonic-0.0.66.tgz",
      "integrity": "sha512-rTVPkhEzDE6yPTbdkFwO5epT9NiZ4HO0W30HfWECFULjqdroyXYZVKg0+0carrbsomNIvbbiXAniCy4/ezJ5iA==",
      "dev": true,
      "license": "MIT",
      "dependencies": {
        "@tsonic/cli": "0.0.66"
      },
      "bin": {
        "tsonic": "bin.js"
      }
    },
    "node_modules/typescript": {
      "version": "5.9.3",
      "resolved": "https://registry.npmjs.org/typescript/-/typescript-5.9.3.tgz",
      "integrity": "sha512-jl1vZzPDinLr9eUt3J/t7V6FgNEw9QjvBPdysz9KfQDD41fQrC2Y4vKQdiaUpFT4bXlb1RHhLpp8wtm6M5TgSw==",
      "dev": true,
      "license": "Apache-2.0",
      "bin": {
        "tsc": "bin/tsc",
        "tsserver": "bin/tsserver"
      },
      "engines": {
        "node": ">=14.17"
      }
    },
    "packages/env-info": {
      "name": "nodejs-env-info",
      "version": "1.0.0",
      "devDependencies": {
        "@tsonic/core": "10.0.37",
        "@tsonic/dotnet": "10.0.37",
        "@tsonic/js": "10.0.40",
        "@tsonic/nodejs": "10.0.40",
        "tsonic": "0.0.66",
        "typescript": "^5.0.0"
      }
    },
    "packages/file-reader": {
      "name": "nodejs-file-reader",
      "version": "1.0.0",
      "devDependencies": {
        "@tsonic/core": "10.0.37",
        "@tsonic/dotnet": "10.0.37",
        "@tsonic/js": "10.0.40",
        "@tsonic/nodejs": "10.0.40",
        "tsonic": "0.0.66",
        "typescript": "^5.0.0"
      }
    },
    "packages/multithreading": {
      "name": "nodejs-multithreading",
      "version": "1.0.0",
      "devDependencies": {
        "@tsonic/core": "10.0.37",
        "@tsonic/dotnet": "10.0.37",
        "@tsonic/js": "10.0.40",
        "@tsonic/nodejs": "10.0.40",
        "tsonic": "0.0.66",
        "typescript": "^5.0.0"
      }
    },
    "packages/webserver": {
      "name": "nodejs-webserver",
      "version": "1.0.0",
      "devDependencies": {
        "@tsonic/core": "10.0.37",
        "@tsonic/dotnet": "10.0.37",
        "@tsonic/js": "10.0.40",
        "@tsonic/nodejs": "10.0.40",
        "tsonic": "0.0.66",
        "typescript": "^5.0.0"
      }
    }
  }
}
