{
  "name": "proof-bcl",
  "lockfileVersion": 3,
  "requires": true,
  "packages": {
    "": {
      "name": "proof-bcl",
      "workspaces": [
        "packages/*"
      ],
      "devDependencies": {
        "@tsonic/core": "10.0.5",
        "@tsonic/globals": "10.0.5",
        "tsonic": "0.0.39",
        "typescript": "^5.0.0"
      }
    },
    "node_modules/@tsonic/backend": {
      "version": "0.0.39",
      "resolved": "https://registry.npmjs.org/@tsonic/backend/-/backend-0.0.39.tgz",
      "integrity": "sha512-IX/OSMNnN/2v+cvwDj+HAuOV4CRjVn0JfqwaZLR9ZYN3pgM6c5bmyGTI6SoG/nA5UNww4hZmrdgpt5Dm+e9LvA==",
      "dev": true,
      "dependencies": {
        "@tsonic/emitter": "0.0.39",
        "@tsonic/frontend": "0.0.39"
      },
      "engines": {
        "node": ">=18.0.0"
      }
    },
    "node_modules/@tsonic/cli": {
      "version": "0.0.39",
      "resolved": "https://registry.npmjs.org/@tsonic/cli/-/cli-0.0.39.tgz",
      "integrity": "sha512-+X3D0WffVhWtQt+iDtgQYyozl6UlKiVf0SYfcM6axD0NANHOxmKMuKrQdJII6Sf21xmej72k1ZjoYnjdVnV+Vg==",
      "dev": true,
      "dependencies": {
        "@tsonic/backend": "0.0.39",
        "@tsonic/emitter": "0.0.39",
        "@tsonic/frontend": "0.0.39",
        "@tsonic/tsbindgen": "0.7.30"
      },
      "bin": {
        "tsonic": "dist/index.js"
      },
      "engines": {
        "node": ">=18.0.0"
      }
    },
    "node_modules/@tsonic/core": {
      "version": "10.0.5",
      "resolved": "https://registry.npmjs.org/@tsonic/core/-/core-10.0.5.tgz",
      "integrity": "sha512-ERvFtVSQUl02Hhez9P/JgjR9VW8htOcS7M11ArRoJ1/+Ppuu+f9KYM4idKJT2F3PIZtu8zwdPrnOsHNHAzZSUA==",
      "dev": true,
      "license": "MIT",
      "peerDependencies": {
        "@tsonic/dotnet": "^10.0.1"
      }
    },
    "node_modules/@tsonic/dotnet": {
      "version": "10.0.1",
      "resolved": "https://registry.npmjs.org/@tsonic/dotnet/-/dotnet-10.0.1.tgz",
      "integrity": "sha512-VnmEBsq38Yg/Q0LUwhzeJjBpOgRxKkcSiewCjKx7g3T4/dtgNPTky6mKuY6NjfIVJCXv+1Hk2aJjGJ9mG5GdEA==",
      "dev": true,
      "license": "MIT",
      "peerDependencies": {
        "@tsonic/core": "^10.0.1"
      }
    },
    "node_modules/@tsonic/emitter": {
      "version": "0.0.39",
      "resolved": "https://registry.npmjs.org/@tsonic/emitter/-/emitter-0.0.39.tgz",
      "integrity": "sha512-hGS5VSxBEqOcTo6N04MTj9q/pCYFdwbfED0WU2cjKJ0voeHZB65Xt9PJ6OGiS9490LPiB7jU/P7DXaC4LClxHQ==",
      "dev": true,
      "dependencies": {
        "@tsonic/frontend": "0.0.39"
      },
      "engines": {
        "node": ">=18.0.0"
      }
    },
    "node_modules/@tsonic/frontend": {
      "version": "0.0.39",
      "resolved": "https://registry.npmjs.org/@tsonic/frontend/-/frontend-0.0.39.tgz",
      "integrity": "sha512-oauUEH6MdDQc7ST9AdT1Vvhnpp97eBTjsK8wVpBz+pKsyKMtAs/UzlNkwjnzHB21Qz3wXVe4/Usdx3Nnu2Zldg==",
      "dev": true,
      "dependencies": {
        "typescript": "5.9.2"
      },
      "engines": {
        "node": ">=18.0.0"
      }
    },
    "node_modules/@tsonic/frontend/node_modules/typescript": {
      "version": "5.9.2",
      "resolved": "https://registry.npmjs.org/typescript/-/typescript-5.9.2.tgz",
      "integrity": "sha512-CWBzXQrc/qOkhidw1OzBTQuYRbfyxDXJMVJ1XNwUHGROVmuaeiEm3OslpZ1RV96d7SKKjZKrSJu3+t/xlw3R9A==",
      "dev": true,
      "license": "Apache-2.0",
      "bin": {
        "tsc": "bin/tsc",
        "tsserver": "bin/tsserver"
      },
      "engines": {
        "node": ">=14.17"
      }
    },
    "node_modules/@tsonic/globals": {
      "version": "10.0.5",
      "resolved": "https://registry.npmjs.org/@tsonic/globals/-/globals-10.0.5.tgz",
      "integrity": "sha512-It4t1oKiXZyIqDU9prV5fHUxffYX3sPwaJlEwxTvH7U1ibOm3xG+16321CWBrCYfWDqRqebhj0fZx+fdNxx2xA==",
      "dev": true,
      "license": "MIT",
      "dependencies": {
        "@tsonic/dotnet": "10.0.5"
      }
    },
    "node_modules/@tsonic/globals/node_modules/@tsonic/dotnet": {
      "version": "10.0.5",
      "resolved": "https://registry.npmjs.org/@tsonic/dotnet/-/dotnet-10.0.5.tgz",
      "integrity": "sha512-v2XaqLfQDkIPLFqXy+J7bARujQKtT6NTbvsnHTq3TTXtwlYEkwANeyfUC5JUZffrmoCFAZYZmM5ofxO0sTOCrQ==",
      "dev": true,
      "license": "MIT",
      "peerDependencies": {
        "@tsonic/core": "^10.0.1"
      }
    },
    "node_modules/@tsonic/tsbindgen": {
      "version": "0.7.30",
      "resolved": "https://registry.npmjs.org/@tsonic/tsbindgen/-/tsbindgen-0.7.30.tgz",
      "integrity": "sha512-ByRZP63kraDrGX2RmMFLV1yhQflf8mpUdpaRXxsn7cSQcIJUWMjBtuq//NZPTS54PUrsiKBDN4kLW2ZMT6kdHQ==",
      "dev": true,
      "license": "MIT",
      "bin": {
        "tsbindgen": "bin.js"
      }
    },
    "node_modules/bcl-calculator": {
      "resolved": "packages/calculator",
      "link": true
    },
    "node_modules/bcl-fibonacci": {
      "resolved": "packages/fibonacci",
      "link": true
    },
    "node_modules/bcl-hello-world": {
      "resolved": "packages/hello-world",
      "link": true
    },
    "node_modules/bcl-high-performance": {
      "resolved": "packages/high-performance",
      "link": true
    },
    "node_modules/bcl-multithreading": {
      "resolved": "packages/multithreading",
      "link": true
    },
    "node_modules/bcl-todolist-api": {
      "resolved": "packages/todolist-api",
      "link": true
    },
    "node_modules/tsonic": {
      "version": "0.0.39",
      "resolved": "https://registry.npmjs.org/tsonic/-/tsonic-0.0.39.tgz",
      "integrity": "sha512-m+T5pUlG/MJuZAmePParqqPC+TWmum2kwdDqSjczi9RI16TQj+K+xepXCqSbLQP00/MZ2xlJW6WCcN9FB3kaAA==",
      "dev": true,
      "license": "MIT",
      "dependencies": {
        "@tsonic/cli": "0.0.39"
      },
      "bin": {
        "tsonic": "bin.js"
      }
    },
    "node_modules/typescript": {
      "version": "5.9.3",
      "resolved": "https://registry.npmjs.org/typescript/-/typescript-5.9.3.tgz",
      "integrity": "sha512-jl1vZzPDinLr9eUt3J/t7V6FgNEw9QjvBPdysz9KfQDD41fQrC2Y4vKQdiaUpFT4bXlb1RHhLpp8wtm6M5TgSw==",
      "dev": true,
      "license": "Apache-2.0",
      "bin": {
        "tsc": "bin/tsc",
        "tsserver": "bin/tsserver"
      },
      "engines": {
        "node": ">=14.17"
      }
    },
    "packages/calculator": {
      "name": "bcl-calculator",
      "version": "1.0.0",
      "devDependencies": {
        "@tsonic/core": "10.0.1",
        "@tsonic/dotnet": "10.0.1",
        "@tsonic/globals": "10.0.1",
        "tsonic": "0.0.30",
        "typescript": "^5.0.0"
      }
    },
    "packages/calculator/node_modules/@tsonic/backend": {
      "version": "0.0.30",
      "resolved": "https://registry.npmjs.org/@tsonic/backend/-/backend-0.0.30.tgz",
      "integrity": "sha512-yQiVvHmEcYRVFNLR5tWXq4Bxkq/Gy5EFY4yyguPV0Tm7uSKoxH55MU01AB0iJ5bWKIe4r/shtH4+LLRYCAuYpQ==",
      "dev": true,
      "dependencies": {
        "@tsonic/emitter": "0.0.30",
        "@tsonic/frontend": "0.0.30"
      },
      "engines": {
        "node": ">=18.0.0"
      }
    },
    "packages/calculator/node_modules/@tsonic/cli": {
      "version": "0.0.30",
      "resolved": "https://registry.npmjs.org/@tsonic/cli/-/cli-0.0.30.tgz",
      "integrity": "sha512-8uU7kF6ec1rOC/s3KKJZO1CcSTrLbPQTM7+9yAO8zRVXUt8xgaplKRMhpF3NDSZbwqezEdo7wM9L7JK1+pw+Lw==",
      "dev": true,
      "dependencies": {
        "@tsonic/backend": "0.0.30",
        "@tsonic/emitter": "0.0.30",
        "@tsonic/frontend": "0.0.30",
        "@tsonic/tsbindgen": "0.7.26"
      },
      "bin": {
        "tsonic": "dist/index.js"
      },
      "engines": {
        "node": ">=18.0.0"
      }
    },
    "packages/calculator/node_modules/@tsonic/core": {
      "version": "10.0.1",
      "resolved": "https://registry.npmjs.org/@tsonic/core/-/core-10.0.1.tgz",
      "integrity": "sha512-faIqEM3gf1zS9o1Mi2NCrJLa+HijFwKB73WIPa3eJYjqptPJdyFOD+eM4Hzo9wC1S//g3IEUrhCr/yZbwFJCzA==",
      "dev": true,
      "license": "MIT",
      "peerDependencies": {
        "@tsonic/dotnet": "^10.0.1"
      }
    },
    "packages/calculator/node_modules/@tsonic/emitter": {
      "version": "0.0.30",
      "resolved": "https://registry.npmjs.org/@tsonic/emitter/-/emitter-0.0.30.tgz",
      "integrity": "sha512-hOkq5KlkwWgM6HaHnu+rDJ0lDCZ5+ak/bm0BusfADYiNlsHYl5wVOF6IT9WYlZhbCBknSjCBcw2Qtb2eRyoWIw==",
      "dev": true,
      "dependencies": {
        "@tsonic/frontend": "0.0.30"
      },
      "engines": {
        "node": ">=18.0.0"
      }
    },
    "packages/calculator/node_modules/@tsonic/frontend": {
      "version": "0.0.30",
      "resolved": "https://registry.npmjs.org/@tsonic/frontend/-/frontend-0.0.30.tgz",
      "integrity": "sha512-6ncxiC1EQ/7T9LdQXsI2w4zj342/LgcqLJr10xvcYKTrKVv/vgHPl0kccVh0zMcWnAA4lCwtEb1r46U87ohbPw==",
      "dev": true,
      "dependencies": {
        "typescript": "5.9.2"
      },
      "engines": {
        "node": ">=18.0.0"
      }
    },
    "packages/calculator/node_modules/@tsonic/globals": {
      "version": "10.0.1",
      "resolved": "https://registry.npmjs.org/@tsonic/globals/-/globals-10.0.1.tgz",
      "integrity": "sha512-NNygR78mSyTtBt0RYQCURC6qpCR6mxvpjpFJOCrkVJ4ywsMj17pMFcjiXA+ZDXT8nFZDyTSKtg0z74NNKYgVSw==",
      "dev": true,
      "license": "MIT",
      "dependencies": {
        "@tsonic/dotnet": "10.0.1"
      }
    },
    "packages/calculator/node_modules/@tsonic/tsbindgen": {
      "version": "0.7.26",
      "resolved": "https://registry.npmjs.org/@tsonic/tsbindgen/-/tsbindgen-0.7.26.tgz",
      "integrity": "sha512-3u4iOIjjCHDPt//QzZVqNZ5yC378wDAF6bl6nsFkLQ34hVXgabQot4rNKxyZyoGFC0v3rP5wp+INOLeRX4nH3A==",
      "dev": true,
      "license": "MIT",
      "bin": {
        "tsbindgen": "bin.js"
      }
    },
    "packages/calculator/node_modules/tsonic": {
      "version": "0.0.30",
      "resolved": "https://registry.npmjs.org/tsonic/-/tsonic-0.0.30.tgz",
      "integrity": "sha512-9smzcFf91V5WgVbHg5Vr+3732bxWb74+FMccK/AmL+q+wDNoggyhmFMKBR8sxxYT4IDn2r4Yp2pvpZGVp/eCpQ==",
      "dev": true,
      "license": "MIT",
      "dependencies": {
        "@tsonic/cli": "0.0.30"
      },
      "bin": {
        "tsonic": "bin.js"
      }
    },
    "packages/calculator/node_modules/typescript": {
      "version": "5.9.2",
      "resolved": "https://registry.npmjs.org/typescript/-/typescript-5.9.2.tgz",
      "integrity": "sha512-CWBzXQrc/qOkhidw1OzBTQuYRbfyxDXJMVJ1XNwUHGROVmuaeiEm3OslpZ1RV96d7SKKjZKrSJu3+t/xlw3R9A==",
      "dev": true,
      "license": "Apache-2.0",
      "bin": {
        "tsc": "bin/tsc",
        "tsserver": "bin/tsserver"
      },
      "engines": {
        "node": ">=14.17"
      }
    },
    "packages/fibonacci": {
      "name": "bcl-fibonacci",
      "version": "1.0.0",
      "devDependencies": {
        "@tsonic/core": "10.0.1",
        "@tsonic/dotnet": "10.0.1",
        "@tsonic/globals": "10.0.1",
        "tsonic": "0.0.30",
        "typescript": "^5.0.0"
      }
    },
    "packages/fibonacci/node_modules/@tsonic/backend": {
      "version": "0.0.30",
      "resolved": "https://registry.npmjs.org/@tsonic/backend/-/backend-0.0.30.tgz",
      "integrity": "sha512-yQiVvHmEcYRVFNLR5tWXq4Bxkq/Gy5EFY4yyguPV0Tm7uSKoxH55MU01AB0iJ5bWKIe4r/shtH4+LLRYCAuYpQ==",
      "dev": true,
      "dependencies": {
        "@tsonic/emitter": "0.0.30",
        "@tsonic/frontend": "0.0.30"
      },
      "engines": {
        "node": ">=18.0.0"
      }
    },
    "packages/fibonacci/node_modules/@tsonic/cli": {
      "version": "0.0.30",
      "resolved": "https://registry.npmjs.org/@tsonic/cli/-/cli-0.0.30.tgz",
      "integrity": "sha512-8uU7kF6ec1rOC/s3KKJZO1CcSTrLbPQTM7+9yAO8zRVXUt8xgaplKRMhpF3NDSZbwqezEdo7wM9L7JK1+pw+Lw==",
      "dev": true,
      "dependencies": {
        "@tsonic/backend": "0.0.30",
        "@tsonic/emitter": "0.0.30",
        "@tsonic/frontend": "0.0.30",
        "@tsonic/tsbindgen": "0.7.26"
      },
      "bin": {
        "tsonic": "dist/index.js"
      },
      "engines": {
        "node": ">=18.0.0"
      }
    },
    "packages/fibonacci/node_modules/@tsonic/core": {
      "version": "10.0.1",
      "resolved": "https://registry.npmjs.org/@tsonic/core/-/core-10.0.1.tgz",
      "integrity": "sha512-faIqEM3gf1zS9o1Mi2NCrJLa+HijFwKB73WIPa3eJYjqptPJdyFOD+eM4Hzo9wC1S//g3IEUrhCr/yZbwFJCzA==",
      "dev": true,
      "license": "MIT",
      "peerDependencies": {
        "@tsonic/dotnet": "^10.0.1"
      }
    },
    "packages/fibonacci/node_modules/@tsonic/emitter": {
      "version": "0.0.30",
      "resolved": "https://registry.npmjs.org/@tsonic/emitter/-/emitter-0.0.30.tgz",
      "integrity": "sha512-hOkq5KlkwWgM6HaHnu+rDJ0lDCZ5+ak/bm0BusfADYiNlsHYl5wVOF6IT9WYlZhbCBknSjCBcw2Qtb2eRyoWIw==",
      "dev": true,
      "dependencies": {
        "@tsonic/frontend": "0.0.30"
      },
      "engines": {
        "node": ">=18.0.0"
      }
    },
    "packages/fibonacci/node_modules/@tsonic/frontend": {
      "version": "0.0.30",
      "resolved": "https://registry.npmjs.org/@tsonic/frontend/-/frontend-0.0.30.tgz",
      "integrity": "sha512-6ncxiC1EQ/7T9LdQXsI2w4zj342/LgcqLJr10xvcYKTrKVv/vgHPl0kccVh0zMcWnAA4lCwtEb1r46U87ohbPw==",
      "dev": true,
      "dependencies": {
        "typescript": "5.9.2"
      },
      "engines": {
        "node": ">=18.0.0"
      }
    },
    "packages/fibonacci/node_modules/@tsonic/globals": {
      "version": "10.0.1",
      "resolved": "https://registry.npmjs.org/@tsonic/globals/-/globals-10.0.1.tgz",
      "integrity": "sha512-NNygR78mSyTtBt0RYQCURC6qpCR6mxvpjpFJOCrkVJ4ywsMj17pMFcjiXA+ZDXT8nFZDyTSKtg0z74NNKYgVSw==",
      "dev": true,
      "license": "MIT",
      "dependencies": {
        "@tsonic/dotnet": "10.0.1"
      }
    },
    "packages/fibonacci/node_modules/@tsonic/tsbindgen": {
      "version": "0.7.26",
      "resolved": "https://registry.npmjs.org/@tsonic/tsbindgen/-/tsbindgen-0.7.26.tgz",
      "integrity": "sha512-3u4iOIjjCHDPt//QzZVqNZ5yC378wDAF6bl6nsFkLQ34hVXgabQot4rNKxyZyoGFC0v3rP5wp+INOLeRX4nH3A==",
      "dev": true,
      "license": "MIT",
      "bin": {
        "tsbindgen": "bin.js"
      }
    },
    "packages/fibonacci/node_modules/tsonic": {
      "version": "0.0.30",
      "resolved": "https://registry.npmjs.org/tsonic/-/tsonic-0.0.30.tgz",
      "integrity": "sha512-9smzcFf91V5WgVbHg5Vr+3732bxWb74+FMccK/AmL+q+wDNoggyhmFMKBR8sxxYT4IDn2r4Yp2pvpZGVp/eCpQ==",
      "dev": true,
      "license": "MIT",
      "dependencies": {
        "@tsonic/cli": "0.0.30"
      },
      "bin": {
        "tsonic": "bin.js"
      }
    },
    "packages/fibonacci/node_modules/typescript": {
      "version": "5.9.2",
      "resolved": "https://registry.npmjs.org/typescript/-/typescript-5.9.2.tgz",
      "integrity": "sha512-CWBzXQrc/qOkhidw1OzBTQuYRbfyxDXJMVJ1XNwUHGROVmuaeiEm3OslpZ1RV96d7SKKjZKrSJu3+t/xlw3R9A==",
      "dev": true,
      "license": "Apache-2.0",
      "bin": {
        "tsc": "bin/tsc",
        "tsserver": "bin/tsserver"
      },
      "engines": {
        "node": ">=14.17"
      }
    },
    "packages/hello-world": {
      "name": "bcl-hello-world",
      "version": "1.0.0",
      "devDependencies": {
        "@tsonic/core": "10.0.1",
        "@tsonic/dotnet": "10.0.1",
        "@tsonic/globals": "10.0.1",
        "tsonic": "0.0.30",
        "typescript": "^5.0.0"
      }
    },
    "packages/hello-world/node_modules/@tsonic/backend": {
      "version": "0.0.30",
      "resolved": "https://registry.npmjs.org/@tsonic/backend/-/backend-0.0.30.tgz",
      "integrity": "sha512-yQiVvHmEcYRVFNLR5tWXq4Bxkq/Gy5EFY4yyguPV0Tm7uSKoxH55MU01AB0iJ5bWKIe4r/shtH4+LLRYCAuYpQ==",
      "dev": true,
      "dependencies": {
        "@tsonic/emitter": "0.0.30",
        "@tsonic/frontend": "0.0.30"
      },
      "engines": {
        "node": ">=18.0.0"
      }
    },
    "packages/hello-world/node_modules/@tsonic/cli": {
      "version": "0.0.30",
      "resolved": "https://registry.npmjs.org/@tsonic/cli/-/cli-0.0.30.tgz",
      "integrity": "sha512-8uU7kF6ec1rOC/s3KKJZO1CcSTrLbPQTM7+9yAO8zRVXUt8xgaplKRMhpF3NDSZbwqezEdo7wM9L7JK1+pw+Lw==",
      "dev": true,
      "dependencies": {
        "@tsonic/backend": "0.0.30",
        "@tsonic/emitter": "0.0.30",
        "@tsonic/frontend": "0.0.30",
        "@tsonic/tsbindgen": "0.7.26"
      },
      "bin": {
        "tsonic": "dist/index.js"
      },
      "engines": {
        "node": ">=18.0.0"
      }
    },
    "packages/hello-world/node_modules/@tsonic/core": {
      "version": "10.0.1",
      "resolved": "https://registry.npmjs.org/@tsonic/core/-/core-10.0.1.tgz",
      "integrity": "sha512-faIqEM3gf1zS9o1Mi2NCrJLa+HijFwKB73WIPa3eJYjqptPJdyFOD+eM4Hzo9wC1S//g3IEUrhCr/yZbwFJCzA==",
      "dev": true,
      "license": "MIT",
      "peerDependencies": {
        "@tsonic/dotnet": "^10.0.1"
      }
    },
    "packages/hello-world/node_modules/@tsonic/emitter": {
      "version": "0.0.30",
      "resolved": "https://registry.npmjs.org/@tsonic/emitter/-/emitter-0.0.30.tgz",
      "integrity": "sha512-hOkq5KlkwWgM6HaHnu+rDJ0lDCZ5+ak/bm0BusfADYiNlsHYl5wVOF6IT9WYlZhbCBknSjCBcw2Qtb2eRyoWIw==",
      "dev": true,
      "dependencies": {
        "@tsonic/frontend": "0.0.30"
      },
      "engines": {
        "node": ">=18.0.0"
      }
    },
    "packages/hello-world/node_modules/@tsonic/frontend": {
      "version": "0.0.30",
      "resolved": "https://registry.npmjs.org/@tsonic/frontend/-/frontend-0.0.30.tgz",
      "integrity": "sha512-6ncxiC1EQ/7T9LdQXsI2w4zj342/LgcqLJr10xvcYKTrKVv/vgHPl0kccVh0zMcWnAA4lCwtEb1r46U87ohbPw==",
      "dev": true,
      "dependencies": {
        "typescript": "5.9.2"
      },
      "engines": {
        "node": ">=18.0.0"
      }
    },
    "packages/hello-world/node_modules/@tsonic/globals": {
      "version": "10.0.1",
      "resolved": "https://registry.npmjs.org/@tsonic/globals/-/globals-10.0.1.tgz",
      "integrity": "sha512-NNygR78mSyTtBt0RYQCURC6qpCR6mxvpjpFJOCrkVJ4ywsMj17pMFcjiXA+ZDXT8nFZDyTSKtg0z74NNKYgVSw==",
      "dev": true,
      "license": "MIT",
      "dependencies": {
        "@tsonic/dotnet": "10.0.1"
      }
    },
    "packages/hello-world/node_modules/@tsonic/tsbindgen": {
      "version": "0.7.26",
      "resolved": "https://registry.npmjs.org/@tsonic/tsbindgen/-/tsbindgen-0.7.26.tgz",
      "integrity": "sha512-3u4iOIjjCHDPt//QzZVqNZ5yC378wDAF6bl6nsFkLQ34hVXgabQot4rNKxyZyoGFC0v3rP5wp+INOLeRX4nH3A==",
      "dev": true,
      "license": "MIT",
      "bin": {
        "tsbindgen": "bin.js"
      }
    },
    "packages/hello-world/node_modules/tsonic": {
      "version": "0.0.30",
      "resolved": "https://registry.npmjs.org/tsonic/-/tsonic-0.0.30.tgz",
      "integrity": "sha512-9smzcFf91V5WgVbHg5Vr+3732bxWb74+FMccK/AmL+q+wDNoggyhmFMKBR8sxxYT4IDn2r4Yp2pvpZGVp/eCpQ==",
      "dev": true,
      "license": "MIT",
      "dependencies": {
        "@tsonic/cli": "0.0.30"
      },
      "bin": {
        "tsonic": "bin.js"
      }
    },
    "packages/hello-world/node_modules/typescript": {
      "version": "5.9.2",
      "resolved": "https://registry.npmjs.org/typescript/-/typescript-5.9.2.tgz",
      "integrity": "sha512-CWBzXQrc/qOkhidw1OzBTQuYRbfyxDXJMVJ1XNwUHGROVmuaeiEm3OslpZ1RV96d7SKKjZKrSJu3+t/xlw3R9A==",
      "dev": true,
      "license": "Apache-2.0",
      "bin": {
        "tsc": "bin/tsc",
        "tsserver": "bin/tsserver"
      },
      "engines": {
        "node": ">=14.17"
      }
    },
    "packages/high-performance": {
      "name": "bcl-high-performance",
      "version": "1.0.0",
      "devDependencies": {
        "@tsonic/core": "10.0.1",
        "@tsonic/dotnet": "10.0.1",
        "@tsonic/globals": "10.0.1",
        "tsonic": "0.0.30",
        "typescript": "^5.0.0"
      }
    },
    "packages/high-performance/node_modules/@tsonic/backend": {
      "version": "0.0.30",
      "resolved": "https://registry.npmjs.org/@tsonic/backend/-/backend-0.0.30.tgz",
      "integrity": "sha512-yQiVvHmEcYRVFNLR5tWXq4Bxkq/Gy5EFY4yyguPV0Tm7uSKoxH55MU01AB0iJ5bWKIe4r/shtH4+LLRYCAuYpQ==",
      "dev": true,
      "dependencies": {
        "@tsonic/emitter": "0.0.30",
        "@tsonic/frontend": "0.0.30"
      },
      "engines": {
        "node": ">=18.0.0"
      }
    },
    "packages/high-performance/node_modules/@tsonic/cli": {
      "version": "0.0.30",
      "resolved": "https://registry.npmjs.org/@tsonic/cli/-/cli-0.0.30.tgz",
      "integrity": "sha512-8uU7kF6ec1rOC/s3KKJZO1CcSTrLbPQTM7+9yAO8zRVXUt8xgaplKRMhpF3NDSZbwqezEdo7wM9L7JK1+pw+Lw==",
      "dev": true,
      "dependencies": {
        "@tsonic/backend": "0.0.30",
        "@tsonic/emitter": "0.0.30",
        "@tsonic/frontend": "0.0.30",
        "@tsonic/tsbindgen": "0.7.26"
      },
      "bin": {
        "tsonic": "dist/index.js"
      },
      "engines": {
        "node": ">=18.0.0"
      }
    },
    "packages/high-performance/node_modules/@tsonic/core": {
      "version": "10.0.1",
      "resolved": "https://registry.npmjs.org/@tsonic/core/-/core-10.0.1.tgz",
      "integrity": "sha512-faIqEM3gf1zS9o1Mi2NCrJLa+HijFwKB73WIPa3eJYjqptPJdyFOD+eM4Hzo9wC1S//g3IEUrhCr/yZbwFJCzA==",
      "dev": true,
      "license": "MIT",
      "peerDependencies": {
        "@tsonic/dotnet": "^10.0.1"
      }
    },
    "packages/high-performance/node_modules/@tsonic/emitter": {
      "version": "0.0.30",
      "resolved": "https://registry.npmjs.org/@tsonic/emitter/-/emitter-0.0.30.tgz",
      "integrity": "sha512-hOkq5KlkwWgM6HaHnu+rDJ0lDCZ5+ak/bm0BusfADYiNlsHYl5wVOF6IT9WYlZhbCBknSjCBcw2Qtb2eRyoWIw==",
      "dev": true,
      "dependencies": {
        "@tsonic/frontend": "0.0.30"
      },
      "engines": {
        "node": ">=18.0.0"
      }
    },
    "packages/high-performance/node_modules/@tsonic/frontend": {
      "version": "0.0.30",
      "resolved": "https://registry.npmjs.org/@tsonic/frontend/-/frontend-0.0.30.tgz",
      "integrity": "sha512-6ncxiC1EQ/7T9LdQXsI2w4zj342/LgcqLJr10xvcYKTrKVv/vgHPl0kccVh0zMcWnAA4lCwtEb1r46U87ohbPw==",
      "dev": true,
      "dependencies": {
        "typescript": "5.9.2"
      },
      "engines": {
        "node": ">=18.0.0"
      }
    },
    "packages/high-performance/node_modules/@tsonic/globals": {
      "version": "10.0.1",
      "resolved": "https://registry.npmjs.org/@tsonic/globals/-/globals-10.0.1.tgz",
      "integrity": "sha512-NNygR78mSyTtBt0RYQCURC6qpCR6mxvpjpFJOCrkVJ4ywsMj17pMFcjiXA+ZDXT8nFZDyTSKtg0z74NNKYgVSw==",
      "dev": true,
      "license": "MIT",
      "dependencies": {
        "@tsonic/dotnet": "10.0.1"
      }
    },
    "packages/high-performance/node_modules/@tsonic/tsbindgen": {
      "version": "0.7.26",
      "resolved": "https://registry.npmjs.org/@tsonic/tsbindgen/-/tsbindgen-0.7.26.tgz",
      "integrity": "sha512-3u4iOIjjCHDPt//QzZVqNZ5yC378wDAF6bl6nsFkLQ34hVXgabQot4rNKxyZyoGFC0v3rP5wp+INOLeRX4nH3A==",
      "dev": true,
      "license": "MIT",
      "bin": {
        "tsbindgen": "bin.js"
      }
    },
    "packages/high-performance/node_modules/tsonic": {
      "version": "0.0.30",
      "resolved": "https://registry.npmjs.org/tsonic/-/tsonic-0.0.30.tgz",
      "integrity": "sha512-9smzcFf91V5WgVbHg5Vr+3732bxWb74+FMccK/AmL+q+wDNoggyhmFMKBR8sxxYT4IDn2r4Yp2pvpZGVp/eCpQ==",
      "dev": true,
      "license": "MIT",
      "dependencies": {
        "@tsonic/cli": "0.0.30"
      },
      "bin": {
        "tsonic": "bin.js"
      }
    },
    "packages/high-performance/node_modules/typescript": {
      "version": "5.9.2",
      "resolved": "https://registry.npmjs.org/typescript/-/typescript-5.9.2.tgz",
      "integrity": "sha512-CWBzXQrc/qOkhidw1OzBTQuYRbfyxDXJMVJ1XNwUHGROVmuaeiEm3OslpZ1RV96d7SKKjZKrSJu3+t/xlw3R9A==",
      "dev": true,
      "license": "Apache-2.0",
      "bin": {
        "tsc": "bin/tsc",
        "tsserver": "bin/tsserver"
      },
      "engines": {
        "node": ">=14.17"
      }
    },
    "packages/multithreading": {
      "name": "bcl-multithreading",
      "version": "1.0.0",
      "devDependencies": {
        "@tsonic/core": "10.0.1",
        "@tsonic/dotnet": "10.0.1",
        "@tsonic/globals": "10.0.1",
        "tsonic": "0.0.30",
        "typescript": "^5.0.0"
      }
    },
    "packages/multithreading/node_modules/@tsonic/backend": {
      "version": "0.0.30",
      "resolved": "https://registry.npmjs.org/@tsonic/backend/-/backend-0.0.30.tgz",
      "integrity": "sha512-yQiVvHmEcYRVFNLR5tWXq4Bxkq/Gy5EFY4yyguPV0Tm7uSKoxH55MU01AB0iJ5bWKIe4r/shtH4+LLRYCAuYpQ==",
      "dev": true,
      "dependencies": {
        "@tsonic/emitter": "0.0.30",
        "@tsonic/frontend": "0.0.30"
      },
      "engines": {
        "node": ">=18.0.0"
      }
    },
    "packages/multithreading/node_modules/@tsonic/cli": {
      "version": "0.0.30",
      "resolved": "https://registry.npmjs.org/@tsonic/cli/-/cli-0.0.30.tgz",
      "integrity": "sha512-8uU7kF6ec1rOC/s3KKJZO1CcSTrLbPQTM7+9yAO8zRVXUt8xgaplKRMhpF3NDSZbwqezEdo7wM9L7JK1+pw+Lw==",
      "dev": true,
      "dependencies": {
        "@tsonic/backend": "0.0.30",
        "@tsonic/emitter": "0.0.30",
        "@tsonic/frontend": "0.0.30",
        "@tsonic/tsbindgen": "0.7.26"
      },
      "bin": {
        "tsonic": "dist/index.js"
      },
      "engines": {
        "node": ">=18.0.0"
      }
    },
    "packages/multithreading/node_modules/@tsonic/core": {
      "version": "10.0.1",
      "resolved": "https://registry.npmjs.org/@tsonic/core/-/core-10.0.1.tgz",
      "integrity": "sha512-faIqEM3gf1zS9o1Mi2NCrJLa+HijFwKB73WIPa3eJYjqptPJdyFOD+eM4Hzo9wC1S//g3IEUrhCr/yZbwFJCzA==",
      "dev": true,
      "license": "MIT",
      "peerDependencies": {
        "@tsonic/dotnet": "^10.0.1"
      }
    },
    "packages/multithreading/node_modules/@tsonic/emitter": {
      "version": "0.0.30",
      "resolved": "https://registry.npmjs.org/@tsonic/emitter/-/emitter-0.0.30.tgz",
      "integrity": "sha512-hOkq5KlkwWgM6HaHnu+rDJ0lDCZ5+ak/bm0BusfADYiNlsHYl5wVOF6IT9WYlZhbCBknSjCBcw2Qtb2eRyoWIw==",
      "dev": true,
      "dependencies": {
        "@tsonic/frontend": "0.0.30"
      },
      "engines": {
        "node": ">=18.0.0"
      }
    },
    "packages/multithreading/node_modules/@tsonic/frontend": {
      "version": "0.0.30",
      "resolved": "https://registry.npmjs.org/@tsonic/frontend/-/frontend-0.0.30.tgz",
      "integrity": "sha512-6ncxiC1EQ/7T9LdQXsI2w4zj342/LgcqLJr10xvcYKTrKVv/vgHPl0kccVh0zMcWnAA4lCwtEb1r46U87ohbPw==",
      "dev": true,
      "dependencies": {
        "typescript": "5.9.2"
      },
      "engines": {
        "node": ">=18.0.0"
      }
    },
    "packages/multithreading/node_modules/@tsonic/globals": {
      "version": "10.0.1",
      "resolved": "https://registry.npmjs.org/@tsonic/globals/-/globals-10.0.1.tgz",
      "integrity": "sha512-NNygR78mSyTtBt0RYQCURC6qpCR6mxvpjpFJOCrkVJ4ywsMj17pMFcjiXA+ZDXT8nFZDyTSKtg0z74NNKYgVSw==",
      "dev": true,
      "license": "MIT",
      "dependencies": {
        "@tsonic/dotnet": "10.0.1"
      }
    },
    "packages/multithreading/node_modules/@tsonic/tsbindgen": {
      "version": "0.7.26",
      "resolved": "https://registry.npmjs.org/@tsonic/tsbindgen/-/tsbindgen-0.7.26.tgz",
      "integrity": "sha512-3u4iOIjjCHDPt//QzZVqNZ5yC378wDAF6bl6nsFkLQ34hVXgabQot4rNKxyZyoGFC0v3rP5wp+INOLeRX4nH3A==",
      "dev": true,
      "license": "MIT",
      "bin": {
        "tsbindgen": "bin.js"
      }
    },
    "packages/multithreading/node_modules/tsonic": {
      "version": "0.0.30",
      "resolved": "https://registry.npmjs.org/tsonic/-/tsonic-0.0.30.tgz",
      "integrity": "sha512-9smzcFf91V5WgVbHg5Vr+3732bxWb74+FMccK/AmL+q+wDNoggyhmFMKBR8sxxYT4IDn2r4Yp2pvpZGVp/eCpQ==",
      "dev": true,
      "license": "MIT",
      "dependencies": {
        "@tsonic/cli": "0.0.30"
      },
      "bin": {
        "tsonic": "bin.js"
      }
    },
    "packages/multithreading/node_modules/typescript": {
      "version": "5.9.2",
      "resolved": "https://registry.npmjs.org/typescript/-/typescript-5.9.2.tgz",
      "integrity": "sha512-CWBzXQrc/qOkhidw1OzBTQuYRbfyxDXJMVJ1XNwUHGROVmuaeiEm3OslpZ1RV96d7SKKjZKrSJu3+t/xlw3R9A==",
      "dev": true,
      "license": "Apache-2.0",
      "bin": {
        "tsc": "bin/tsc",
        "tsserver": "bin/tsserver"
      },
      "engines": {
        "node": ">=14.17"
      }
    },
    "packages/todolist-api": {
      "name": "bcl-todolist-api",
      "version": "1.0.0",
      "devDependencies": {
        "@tsonic/core": "10.0.1",
        "@tsonic/dotnet": "10.0.1",
        "@tsonic/globals": "10.0.1",
        "tsonic": "0.0.30",
        "typescript": "^5.0.0"
      }
    },
    "packages/todolist-api/node_modules/@tsonic/backend": {
      "version": "0.0.30",
      "resolved": "https://registry.npmjs.org/@tsonic/backend/-/backend-0.0.30.tgz",
      "integrity": "sha512-yQiVvHmEcYRVFNLR5tWXq4Bxkq/Gy5EFY4yyguPV0Tm7uSKoxH55MU01AB0iJ5bWKIe4r/shtH4+LLRYCAuYpQ==",
      "dev": true,
      "dependencies": {
        "@tsonic/emitter": "0.0.30",
        "@tsonic/frontend": "0.0.30"
      },
      "engines": {
        "node": ">=18.0.0"
      }
    },
    "packages/todolist-api/node_modules/@tsonic/cli": {
      "version": "0.0.30",
      "resolved": "https://registry.npmjs.org/@tsonic/cli/-/cli-0.0.30.tgz",
      "integrity": "sha512-8uU7kF6ec1rOC/s3KKJZO1CcSTrLbPQTM7+9yAO8zRVXUt8xgaplKRMhpF3NDSZbwqezEdo7wM9L7JK1+pw+Lw==",
      "dev": true,
      "dependencies": {
        "@tsonic/backend": "0.0.30",
        "@tsonic/emitter": "0.0.30",
        "@tsonic/frontend": "0.0.30",
        "@tsonic/tsbindgen": "0.7.26"
      },
      "bin": {
        "tsonic": "dist/index.js"
      },
      "engines": {
        "node": ">=18.0.0"
      }
    },
    "packages/todolist-api/node_modules/@tsonic/core": {
      "version": "10.0.1",
      "resolved": "https://registry.npmjs.org/@tsonic/core/-/core-10.0.1.tgz",
      "integrity": "sha512-faIqEM3gf1zS9o1Mi2NCrJLa+HijFwKB73WIPa3eJYjqptPJdyFOD+eM4Hzo9wC1S//g3IEUrhCr/yZbwFJCzA==",
      "dev": true,
      "license": "MIT",
      "peerDependencies": {
        "@tsonic/dotnet": "^10.0.1"
      }
    },
    "packages/todolist-api/node_modules/@tsonic/emitter": {
      "version": "0.0.30",
      "resolved": "https://registry.npmjs.org/@tsonic/emitter/-/emitter-0.0.30.tgz",
      "integrity": "sha512-hOkq5KlkwWgM6HaHnu+rDJ0lDCZ5+ak/bm0BusfADYiNlsHYl5wVOF6IT9WYlZhbCBknSjCBcw2Qtb2eRyoWIw==",
      "dev": true,
      "dependencies": {
        "@tsonic/frontend": "0.0.30"
      },
      "engines": {
        "node": ">=18.0.0"
      }
    },
    "packages/todolist-api/node_modules/@tsonic/frontend": {
      "version": "0.0.30",
      "resolved": "https://registry.npmjs.org/@tsonic/frontend/-/frontend-0.0.30.tgz",
      "integrity": "sha512-6ncxiC1EQ/7T9LdQXsI2w4zj342/LgcqLJr10xvcYKTrKVv/vgHPl0kccVh0zMcWnAA4lCwtEb1r46U87ohbPw==",
      "dev": true,
      "dependencies": {
        "typescript": "5.9.2"
      },
      "engines": {
        "node": ">=18.0.0"
      }
    },
    "packages/todolist-api/node_modules/@tsonic/globals": {
      "version": "10.0.1",
      "resolved": "https://registry.npmjs.org/@tsonic/globals/-/globals-10.0.1.tgz",
      "integrity": "sha512-NNygR78mSyTtBt0RYQCURC6qpCR6mxvpjpFJOCrkVJ4ywsMj17pMFcjiXA+ZDXT8nFZDyTSKtg0z74NNKYgVSw==",
      "dev": true,
      "license": "MIT",
      "dependencies": {
        "@tsonic/dotnet": "10.0.1"
      }
    },
    "packages/todolist-api/node_modules/@tsonic/tsbindgen": {
      "version": "0.7.26",
      "resolved": "https://registry.npmjs.org/@tsonic/tsbindgen/-/tsbindgen-0.7.26.tgz",
      "integrity": "sha512-3u4iOIjjCHDPt//QzZVqNZ5yC378wDAF6bl6nsFkLQ34hVXgabQot4rNKxyZyoGFC0v3rP5wp+INOLeRX4nH3A==",
      "dev": true,
      "license": "MIT",
      "bin": {
        "tsbindgen": "bin.js"
      }
    },
    "packages/todolist-api/node_modules/tsonic": {
      "version": "0.0.30",
      "resolved": "https://registry.npmjs.org/tsonic/-/tsonic-0.0.30.tgz",
      "integrity": "sha512-9smzcFf91V5WgVbHg5Vr+3732bxWb74+FMccK/AmL+q+wDNoggyhmFMKBR8sxxYT4IDn2r4Yp2pvpZGVp/eCpQ==",
      "dev": true,
      "license": "MIT",
      "dependencies": {
        "@tsonic/cli": "0.0.30"
      },
      "bin": {
        "tsonic": "bin.js"
      }
    },
    "packages/todolist-api/node_modules/typescript": {
      "version": "5.9.2",
      "resolved": "https://registry.npmjs.org/typescript/-/typescript-5.9.2.tgz",
      "integrity": "sha512-CWBzXQrc/qOkhidw1OzBTQuYRbfyxDXJMVJ1XNwUHGROVmuaeiEm3OslpZ1RV96d7SKKjZKrSJu3+t/xlw3R9A==",
      "dev": true,
      "license": "Apache-2.0",
      "bin": {
        "tsc": "bin/tsc",
        "tsserver": "bin/tsserver"
      },
      "engines": {
        "node": ">=14.17"
      }
    }
  }
}
